Microsoft Visual Studio Solution File, Format Version 12.00
# Visual Studio Version 17
VisualStudioVersion = 17.13.35913.81
MinimumVisualStudioVersion = 10.0.40219.1
Project("{FAE04EC0-301F-11D3-BF4B-00C04F79EFBC}") = "GoRestUserManager", "GoRestUserManager.csproj", "{339E912E-E1F8-57F0-1DCF-483CBB6BA84E}"
EndProject
Global
	GlobalSection(SolutionConfigurationPlatforms) = preSolution
		Debug|Any CPU = Debug|Any CPU
		Release|Any CPU = Release|Any CPU
	EndGlobalSection
	GlobalSection(ProjectConfigurationPlatforms) = postSolution
		{339E912E-E1F8-57F0-1DCF-483CBB6BA84E}.Debug|Any CPU.ActiveCfg = Debug|Any CPU
		{339E912E-E1F8-57F0-1DCF-483CBB6BA84E}.Debug|Any CPU.Build.0 = Debug|Any CPU
		{339E912E-E1F8-57F0-1DCF-483CBB6BA84E}.Release|Any CPU.ActiveCfg = Release|Any CPU
		{339E912E-E1F8-57F0-1DCF-483CBB6BA84E}.Release|Any CPU.Build.0 = Release|Any CPU
	EndGlobalSection
	GlobalSection(SolutionProperties) = preSolution
		HideSolutionNode = FALSE
	EndGlobalSection
	GlobalSection(ExtensibilityGlobals) = postSolution
		SolutionGuid = {D5E901EB-402F-4C09-8678-94FF9BF8E59B}
	EndGlobalSection
EndGlobal
